// !$*UTF8*$!
{
	archiveVersion = 1;
	classes = {
	};
	objectVersion = 50;
	objects = {

/* Begin PBXBuildFile section */
		A2A612032547DE7C0090BC02 /* AppDelegate.swift in Sources */ = {isa = PBXBuildFile; fileRef = A2A612022547DE7C0090BC02 /* AppDelegate.swift */; };
		A2A612052547DE7C0090BC02 /* SceneDelegate.swift in Sources */ = {isa = PBXBuildFile; fileRef = A2A612042547DE7C0090BC02 /* SceneDelegate.swift */; };
		A2A612072547DE7C0090BC02 /* ContentView.swift in Sources */ = {isa = PBXBuildFile; fileRef = A2A612062547DE7C0090BC02 /* ContentView.swift */; };
		A2A612092547DE7D0090BC02 /* Assets.xcassets in Resources */ = {isa = PBXBuildFile; fileRef = A2A612082547DE7D0090BC02 /* Assets.xcassets */; };
		A2A6120C2547DE7D0090BC02 /* Preview Assets.xcassets in Resources */ = {isa = PBXBuildFile; fileRef = A2A6120B2547DE7D0090BC02 /* Preview Assets.xcassets */; };
		A2A6120F2547DE7D0090BC02 /* LaunchScreen.storyboard in Resources */ = {isa = PBXBuildFile; fileRef = A2A6120D2547DE7D0090BC02 /* LaunchScreen.storyboard */; };
		A2A6121C2547E3DA0090BC02 /* CustomUISlider.swift in Sources */ = {isa = PBXBuildFile; fileRef = A2A6121B2547E3DA0090BC02 /* CustomUISlider.swift */; };
/* End PBXBuildFile section */

/* Begin PBXFileReference section */
		A2A611FF2547DE7C0090BC02 /* HostingUIKitInSwiftUI.app */ = {isa = PBXFileReference; explicitFileType = wrapper.application; includeInIndex = 0; path = HostingUIKitInSwiftUI.app; sourceTree = BUILT_PRODUCTS_DIR; };
		A2A612022547DE7C0090BC02 /* AppDelegate.swift */ = {isa = PBXFileReference; lastKnownFileType = sourcecode.swift; path = AppDelegate.swift; sourceTree = "<group>"; };
		A2A612042547DE7C0090BC02 /* SceneDelegate.swift */ = {isa = PBXFileReference; lastKnownFileType = sourcecode.swift; path = SceneDelegate.swift; sourceTree = "<group>"; };
		A2A612062547DE7C0090BC02 /* ContentView.swift */ = {isa = PBXFileReference; lastKnownFileType = sourcecode.swift; path = ContentView.swift; sourceTree = "<group>"; };
		A2A612082547DE7D0090BC02 /* Assets.xcassets */ = {isa = PBXFileReference; lastKnownFileType = folder.assetcatalog; path = Assets.xcassets; sourceTree = "<group>"; };
		A2A6120B2547DE7D0090BC02 /* Preview Assets.xcassets */ = {isa = PBXFileReference; lastKnownFileType = folder.assetcatalog; path = "Preview Assets.xcassets"; sourceTree = "<group>"; };
		A2A6120E2547DE7D0090BC02 /* Base */ = {isa = PBXFileReference; lastKnownFileType = file.storyboard; name = Base; path = Base.lproj/LaunchScreen.storyboard; sourceTree = "<group>"; };
		A2A612102547DE7D0090BC02 /* Info.plist */ = {isa = PBXFileReference; lastKnownFileType = text.plist.xml; path = Info.plist; sourceTree = "<group>"; };
		A2A6121B2547E3DA0090BC02 /* CustomUISlider.swift */ = {isa = PBXFileReference; lastKnownFileType = sourcecode.swift; path = CustomUISlider.swift; sourceTree = "<group>"; };
/* End PBXFileReference section */

/* Begin PBXFrameworksBuildPhase section */
		A2A611FC2547DE7C0090BC02 /* Frameworks */ = {
			isa = PBXFrameworksBuildPhase;
			buildActionMask = 2147483647;
			files = (
			);
			runOnlyForDeploymentPostprocessing = 0;
		};
/* End PBXFrameworksBuildPhase section */

/* Begin PBXGroup section */
		A2A611F62547DE7C0090BC02 = {
			isa = PBXGroup;
			children = (
				A2A612012547DE7C0090BC02 /* HostingUIKitInSwiftUI */,
				A2A612002547DE7C0090BC02 /* Products */,
			);
			sourceTree = "<group>";
		};
		A2A612002547DE7C0090BC02 /* Products */ = {
			isa = PBXGroup;
			children = (
				A2A611FF2547DE7C0090BC02 /* HostingUIKitInSwiftUI.app */,
			);
			name = Products;
			sourceTree = "<group>";
		};
		A2A612012547DE7C0090BC02 /* HostingUIKitInSwiftUI */ = {
			isa = PBXGroup;
			children = (
				A2A612022547DE7C0090BC02 /* AppDelegate.swift */,
				A2A612042547DE7C0090BC02 /* SceneDelegate.swift */,
				A2A612062547DE7C0090BC02 /* ContentView.swift */,
				A2A6121B2547E3DA0090BC02 /* CustomUISlider.swift */,
				A2A612082547DE7D0090BC02 /* Assets.xcassets */,
				A2A6120D2547DE7D0090BC02 /* LaunchScreen.storyboard */,
				A2A612102547DE7D0090BC02 /* Info.plist */,
				A2A6120A2547DE7D0090BC02 /* Preview Content */,
			);
			path = HostingUIKitInSwiftUI;
			sourceTree = "<group>";
		};
		A2A6120A2547DE7D0090BC02 /* Preview Content */ = {
			isa = PBXGroup;
			children = (
				A2A6120B2547DE7D0090BC02 /* Preview Assets.xcassets */,
			);
			path = "Preview Content";
			sourceTree = "<group>";
		};
/* End PBXGroup section */

/* Begin PBXNativeTarget section */
		A2A611FE2547DE7C0090BC02 /* HostingUIKitInSwiftUI */ = {
			isa = PBXNativeTarget;
			buildConfigurationList = A2A612132547DE7D0090BC02 /* Build configuration list for PBXNativeTarget "HostingUIKitInSwiftUI" */;
			buildPhases = (
				A2A611FB2547DE7C0090BC02 /* Sources */,
				A2A611FC2547DE7C0090BC02 /* Frameworks */,
				A2A611FD2547DE7C0090BC02 /* Resources */,
			);
			buildRules = (
			);
			dependencies = (
			);
			name = HostingUIKitInSwiftUI;
			productName = HostingUIKitInSwiftUI;
			productReference = A2A611FF2547DE7C0090BC02 /* HostingUIKitInSwiftUI.app */;
			productType = "com.apple.product-type.application";
		};
/* End PBXNativeTarget section */

/* Begin PBXProject section */
		A2A611F72547DE7C0090BC02 /* Project object */ = {
			isa = PBXProject;
			attributes = {
				LastSwiftUpdateCheck = 1210;
				LastUpgradeCheck = 1210;
				TargetAttributes = {
					A2A611FE2547DE7C0090BC02 = {
						CreatedOnToolsVersion = 12.1;
					};
				};
			};
			buildConfigurationList = A2A611FA2547DE7C0090BC02 /* Build configuration list for PBXProject "HostingUIKitInSwiftUI" */;
			compatibilityVersion = "Xcode 9.3";
			developmentRegion = en;
			hasScannedForEncodings = 0;
			knownRegions = (
				en,
				Base,
			);
			mainGroup = A2A611F62547DE7C0090BC02;
			productRefGroup = A2A612002547DE7C0090BC02 /* Products */;
			projectDirPath = "";
			projectRoot = "";
			targets = (
				A2A611FE2547DE7C0090BC02 /* HostingUIKitInSwiftUI */,
			);
		};
/* End PBXProject section */

/* Begin PBXResourcesBuildPhase section */
		A2A611FD2547DE7C0090BC02 /* Resources */ = {
			isa = PBXResourcesBuildPhase;
			buildActionMask = 2147483647;
			files = (
				A2A6120F2547DE7D0090BC02 /* LaunchScreen.storyboard in Resources */,
				A2A6120C2547DE7D0090BC02 /* Preview Assets.xcassets in Resources */,
				A2A612092547DE7D0090BC02 /* Assets.xcassets in Resources */,
			);
			runOnlyForDeploymentPostprocessing = 0;
		};
/* End PBXResourcesBuildPhase section */

/* Begin PBXSourcesBuildPhase section */
		A2A611FB2547DE7C0090BC02 /* Sources */ = {
			isa = PBXSourcesBuildPhase;
			buildActionMask = 2147483647;
			files = (
				A2A612032547DE7C0090BC02 /* AppDelegate.swift in Sources */,
				A2A612052547DE7C0090BC02 /* SceneDelegate.swift in Sources */,
				A2A612072547DE7C0090BC02 /* ContentView.swift in Sources */,
				A2A6121C2547E3DA0090BC02 /* CustomUISlider.swift in Sources */,
			);
			runOnlyForDeploymentPostprocessing = 0;
		};
/* End PBXSourcesBuildPhase section */

/* Begin PBXVariantGroup section */
		A2A6120D2547DE7D0090BC02 /* LaunchScreen.storyboard */ = {
			isa = PBXVariantGroup;
			children = (
				A2A6120E2547DE7D0090BC02 /* Base */,
			);
			name = LaunchScreen.storyboard;
			sourceTree = "<group>";
		};
/* End PBXVariantGroup section */

/* Begin XCBuildConfiguration section */
		A2A612112547DE7D0090BC02 /* Debug */ = {
			isa = XCBuildConfiguration;
			buildSettings = {
				ALWAYS_SEARCH_USER_PATHS = NO;
				CLANG_ANALYZER_NONNULL = YES;
				CLANG_ANALYZER_NUMBER_OBJECT_CONVERSION = YES_AGGRESSIVE;
				CLANG_CXX_LANGUAGE_STANDARD = "gnu++14";
				CLANG_CXX_LIBRARY = "libc++";
				CLANG_ENABLE_MODULES = YES;
				CLANG_ENABLE_OBJC_ARC = YES;
				CLANG_ENABLE_OBJC_WEAK = YES;
				CLANG_WARN_BLOCK_CAPTURE_AUTORELEASING = YES;
				CLANG_WARN_BOOL_CONVERSION = YES;
				CLANG_WARN_COMMA = YES;
				CLANG_WARN_CONSTANT_CONVERSION = YES;
				CLANG_WARN_DEPRECATED_OBJC_IMPLEMENTATIONS = YES;
				CLANG_WARN_DIRECT_OBJC_ISA_USAGE = YES_ERROR;
				CLANG_WARN_DOCUMENTATION_COMMENTS = YES;
				CLANG_WARN_EMPTY_BODY = YES;
				CLANG_WARN_ENUM_CONVERSION = YES;
				CLANG_WARN_INFINITE_RECURSION = YES;
				CLANG_WARN_INT_CONVERSION = YES;
				CLANG_WARN_NON_LITERAL_NULL_CONVERSION = YES;
				CLANG_WARN_OBJC_IMPLICIT_RETAIN_SELF = YES;
				CLANG_WARN_OBJC_LITERAL_CONVERSION = YES;
				CLANG_WARN_OBJC_ROOT_CLASS = YES_ERROR;
				CLANG_WARN_QUOTED_INCLUDE_IN_FRAMEWORK_HEADER = YES;
				CLANG_WARN_RANGE_LOOP_ANALYSIS = YES;
				CLANG_WARN_STRICT_PROTOTYPES = YES;
				CLANG_WARN_SUSPICIOUS_MOVE = YES;
				CLANG_WARN_UNGUARDED_AVAILABILITY = YES_AGGRESSIVE;
				CLANG_WARN_UNREACHABLE_CODE = YES;
				CLANG_WARN__DUPLICATE_METHOD_MATCH = YES;
				COPY_PHASE_STRIP = NO;
				DEBUG_INFORMATION_FORMAT = dwarf;
				ENABLE_STRICT_OBJC_MSGSEND = YES;
				ENABLE_TESTABILITY = YES;
				GCC_C_LANGUAGE_STANDARD = gnu11;
				GCC_DYNAMIC_NO_PIC = NO;
				GCC_NO_COMMON_BLOCKS = YES;
				GCC_OPTIMIZATION_LEVEL = 0;
				GCC_PREPROCESSOR_DEFINITIONS = (
					"DEBUG=1",
					"$(inherited)",
				);
				GCC_WARN_64_TO_32_BIT_CONVERSION = YES;
				GCC_WARN_ABOUT_RETURN_TYPE = YES_ERROR;
				GCC_WARN_UNDECLARED_SELECTOR = YES;
				GCC_WARN_UNINITIALIZED_AUTOS = YES_AGGRESSIVE;
				GCC_WARN_UNUSED_FUNCTION = YES;
				GCC_WARN_UNUSED_VARIABLE = YES;
				IPHONEOS_DEPLOYMENT_TARGET = 14.1;
				MTL_ENABLE_DEBUG_INFO = INCLUDE_SOURCE;
				MTL_FAST_MATH = YES;
				ONLY_ACTIVE_ARCH = YES;
				SDKROOT = iphoneos;
				SWIFT_ACTIVE_COMPILATION_CONDITIONS = DEBUG;
				SWIFT_OPTIMIZATION_LEVEL = "-Onone";
			};
			name = Debug;
		};
		A2A612122547DE7D0090BC02 /* Release */ = {
			isa = XCBuildConfiguration;
			buildSettings = {
				ALWAYS_SEARCH_USER_PATHS = NO;
				CLANG_ANALYZER_NONNULL = YES;
				CLANG_ANALYZER_NUMBER_OBJECT_CONVERSION = YES_AGGRESSIVE;
				CLANG_CXX_LANGUAGE_STANDARD = "gnu++14";
				CLANG_CXX_LIBRARY = "libc++";
				CLANG_ENABLE_MODULES = YES;
				CLANG_ENABLE_OBJC_ARC = YES;
				CLANG_ENABLE_OBJC_WEAK = YES;
				CLANG_WARN_BLOCK_CAPTURE_AUTORELEASING = YES;
				CLANG_WARN_BOOL_CONVERSION = YES;
				CLANG_WARN_COMMA = YES;
				CLANG_WARN_CONSTANT_CONVERSION = YES;
				CLANG_WARN_DEPRECATED_OBJC_IMPLEMENTATIONS = YES;
				CLANG_WARN_DIRECT_OBJC_ISA_USAGE = YES_ERROR;
				CLANG_WARN_DOCUMENTATION_COMMENTS = YES;
				CLANG_WARN_EMPTY_BODY = YES;
				CLANG_WARN_ENUM_CONVERSION = YES;
				CLANG_WARN_INFINITE_RECURSION = YES;
				CLANG_WARN_INT_CONVERSION = YES;
				CLANG_WARN_NON_LITERAL_NULL_CONVERSION = YES;
				CLANG_WARN_OBJC_IMPLICIT_RETAIN_SELF = YES;
				CLANG_WARN_OBJC_LITERAL_CONVERSION = YES;
				CLANG_WARN_OBJC_ROOT_CLASS = YES_ERROR;
				CLANG_WARN_QUOTED_INCLUDE_IN_FRAMEWORK_HEADER = YES;
				CLANG_WARN_RANGE_LOOP_ANALYSIS = YES;
				CLANG_WARN_STRICT_PROTOTYPES = YES;
				CLANG_WARN_SUSPICIOUS_MOVE = YES;
				CLANG_WARN_UNGUARDED_AVAILABILITY = YES_AGGRESSIVE;
				CLANG_WARN_UNREACHABLE_CODE = YES;
				CLANG_WARN__DUPLICATE_METHOD_MATCH = YES;
				COPY_PHASE_STRIP = NO;
				DEBUG_INFORMATION_FORMAT = "dwarf-with-dsym";
				ENABLE_NS_ASSERTIONS = NO;
				ENABLE_STRICT_OBJC_MSGSEND = YES;
				GCC_C_LANGUAGE_STANDARD = gnu11;
				GCC_NO_COMMON_BLOCKS = YES;
				GCC_WARN_64_TO_32_BIT_CONVERSION = YES;
				GCC_WARN_ABOUT_RETURN_TYPE = YES_ERROR;
				GCC_WARN_UNDECLARED_SELECTOR = YES;
				GCC_WARN_UNINITIALIZED_AUTOS = YES_AGGRESSIVE;
				GCC_WARN_UNUSED_FUNCTION = YES;
				GCC_WARN_UNUSED_VARIABLE = YES;
				IPHONEOS_DEPLOYMENT_TARGET = 14.1;
				MTL_ENABLE_DEBUG_INFO = NO;
				MTL_FAST_MATH = YES;
				SDKROOT = iphoneos;
				SWIFT_COMPILATION_MODE = wholemodule;
				SWIFT_OPTIMIZATION_LEVEL = "-O";
				VALIDATE_PRODUCT = YES;
			};
			name = Release;
		};
		A2A612142547DE7D0090BC02 /* Debug */ = {
			isa = XCBuildConfiguration;
			buildSettings = {
				ASSETCATALOG_COMPILER_APPICON_NAME = AppIcon;
				ASSETCATALOG_COMPILER_GLOBAL_ACCENT_COLOR_NAME = AccentColor;
				CODE_SIGN_STYLE = Automatic;
				DEVELOPMENT_ASSET_PATHS = "\"HostingUIKitInSwiftUI/Preview Content\"";
				ENABLE_PREVIEWS = YES;
				INFOPLIST_FILE = HostingUIKitInSwiftUI/Info.plist;
				IPHONEOS_DEPLOYMENT_TARGET = 13.0;
				LD_RUNPATH_SEARCH_PATHS = (
					"$(inherited)",
					"@executable_path/Frameworks",
				);
				PRODUCT_BUNDLE_IDENTIFIER = ru.rasikon.HostingUIKitInSwiftUI;
				PRODUCT_NAME = "$(TARGET_NAME)";
				SWIFT_VERSION = 5.0;
				TARGETED_DEVICE_FAMILY = "1,2";
			};
			name = Debug;
		};
		A2A612152547DE7D0090BC02 /* Release */ = {
			isa = XCBuildConfiguration;
			buildSettings = {
				ASSETCATALOG_COMPILER_APPICON_NAME = AppIcon;
				ASSETCATALOG_COMPILER_GLOBAL_ACCENT_COLOR_NAME = AccentColor;
				CODE_SIGN_STYLE = Automatic;
				DEVELOPMENT_ASSET_PATHS = "\"HostingUIKitInSwiftUI/Preview Content\"";
				ENABLE_PREVIEWS = YES;
				INFOPLIST_FILE = HostingUIKitInSwiftUI/Info.plist;
				IPHONEOS_DEPLOYMENT_TARGET = 13.0;
				LD_RUNPATH_SEARCH_PATHS = (
					"$(inherited)",
					"@executable_path/Frameworks",
				);
				PRODUCT_BUNDLE_IDENTIFIER = ru.rasikon.HostingUIKitInSwiftUI;
				PRODUCT_NAME = "$(TARGET_NAME)";
				SWIFT_VERSION = 5.0;
				TARGETED_DEVICE_FAMILY = "1,2";
			};
			name = Release;
		};
/* End XCBuildConfiguration section */

/* Begin XCConfigurationList section */
		A2A611FA2547DE7C0090BC02 /* Build configuration list for PBXProject "HostingUIKitInSwiftUI" */ = {
			isa = XCConfigurationList;
			buildConfigurations = (
				A2A612112547DE7D0090BC02 /* Debug */,
				A2A612122547DE7D0090BC02 /* Release */,
			);
			defaultConfigurationIsVisible = 0;
			defaultConfigurationName = Release;
		};
		A2A612132547DE7D0090BC02 /* Build configuration list for PBXNativeTarget "HostingUIKitInSwiftUI" */ = {
			isa = XCConfigurationList;
			buildConfigurations = (
				A2A612142547DE7D0090BC02 /* Debug */,
				A2A612152547DE7D0090BC02 /* Release */,
			);
			defaultConfigurationIsVisible = 0;
			defaultConfigurationName = Release;
		};
/* End XCConfigurationList section */
	};
	rootObject = A2A611F72547DE7C0090BC02 /* Project object */;
}
